
Microsoft Visual Studio Solution File, Format Version 12.00
# Visual Studio Version 17
VisualStudioVersion = 17.0.32126.317
MinimumVisualStudioVersion = 10.0.40219.1
Project("{FAE04EC0-301F-11D3-BF4B-00C04F79EFBC}") = "TheBlogProject", "TheBlogProject.csproj", "{5DD49C0C-EF4D-47BF-A6AD-0FA373066CC1}"
EndProject
Global
	GlobalSection(SolutionConfigurationPlatforms) = preSolution
		Debug|Any CPU = Debug|Any CPU
		Release|Any CPU = Release|Any CPU
	EndGlobalSection
	GlobalSection(ProjectConfigurationPlatforms) = postSolution
		{5DD49C0C-EF4D-47BF-A6AD-0FA373066CC1}.Debug|Any CPU.ActiveCfg = Debug|Any CPU
		{5DD49C0C-EF4D-47BF-A6AD-0FA373066CC1}.Debug|Any CPU.Build.0 = Debug|Any CPU
		{5DD49C0C-EF4D-47BF-A6AD-0FA373066CC1}.Release|Any CPU.ActiveCfg = Release|Any CPU
		{5DD49C0C-EF4D-47BF-A6AD-0FA373066CC1}.Release|Any CPU.Build.0 = Release|Any CPU
	EndGlobalSection
	GlobalSection(SolutionProperties) = preSolution
		HideSolutionNode = FALSE
	EndGlobalSection
	GlobalSection(ExtensibilityGlobals) = postSolution
		SolutionGuid = {CE74B90F-55D8-4A45-8A47-F7B78B68971F}
	EndGlobalSection
EndGlobal
